
Microsoft Visual Studio Solution File, Format Version 12.00
# Visual Studio Version 17
VisualStudioVersion = 17.4.33122.133
MinimumVisualStudioVersion = 10.0.40219.1
Project("{2150E333-8FDC-42A3-9474-1A3956D46DE8}") = "Application", "Application", "{CF86A64A-0A83-40A8-A87D-000EB6A95619}"
EndProject
Project("{2150E333-8FDC-42A3-9474-1A3956D46DE8}") = "Core", "Core", "{2EA080B1-27FB-4DEB-B813-25788414BB11}"
EndProject
Project("{2150E333-8FDC-42A3-9474-1A3956D46DE8}") = "Infrastructure", "Infrastructure", "{54163819-C3DA-4A3A-9ED0-9FFF64EC880A}"
EndProject
Project("{2150E333-8FDC-42A3-9474-1A3956D46DE8}") = "WebUI", "WebUI", "{8B9C4E5B-A729-4FCC-8CB7-82F204DD4136}"
EndProject
Project("{9A19103F-16F7-4668-BE54-9A1E7A4F7556}") = "Dogo.Core", "Dogo.Core\Dogo.Core.csproj", "{A34E5A7A-AF8A-40AB-865D-5A0F909EFE36}"
EndProject
Project("{9A19103F-16F7-4668-BE54-9A1E7A4F7556}") = "Dogo.Infrastructure", "Dogo.Infrastructure\Dogo.Infrastructure.csproj", "{2A633E28-59CA-47D5-A267-7CAF9057470C}"
EndProject
Project("{9A19103F-16F7-4668-BE54-9A1E7A4F7556}") = "Dogo.Application", "Dogo.Application\Dogo.Application.csproj", "{4BA9F318-C559-413F-B62F-9E0D04AF5CE2}"
EndProject
Project("{9A19103F-16F7-4668-BE54-9A1E7A4F7556}") = "Dogo.API", "Dogo.API\Dogo.API.csproj", "{BD176769-33EC-43FD-AFB6-1BFD8B56E5B0}"
EndProject
Project("{2150E333-8FDC-42A3-9474-1A3956D46DE8}") = "Solution Items", "Solution Items", "{0BDFB307-6E6C-4319-A19C-67514A9719C5}"
EndProject
Global
	GlobalSection(SolutionConfigurationPlatforms) = preSolution
		Debug|Any CPU = Debug|Any CPU
		Release|Any CPU = Release|Any CPU
	EndGlobalSection
	GlobalSection(ProjectConfigurationPlatforms) = postSolution
		{A34E5A7A-AF8A-40AB-865D-5A0F909EFE36}.Debug|Any CPU.ActiveCfg = Debug|Any CPU
		{A34E5A7A-AF8A-40AB-865D-5A0F909EFE36}.Debug|Any CPU.Build.0 = Debug|Any CPU
		{A34E5A7A-AF8A-40AB-865D-5A0F909EFE36}.Release|Any CPU.ActiveCfg = Release|Any CPU
		{A34E5A7A-AF8A-40AB-865D-5A0F909EFE36}.Release|Any CPU.Build.0 = Release|Any CPU
		{2A633E28-59CA-47D5-A267-7CAF9057470C}.Debug|Any CPU.ActiveCfg = Debug|Any CPU
		{2A633E28-59CA-47D5-A267-7CAF9057470C}.Debug|Any CPU.Build.0 = Debug|Any CPU
		{2A633E28-59CA-47D5-A267-7CAF9057470C}.Release|Any CPU.ActiveCfg = Release|Any CPU
		{2A633E28-59CA-47D5-A267-7CAF9057470C}.Release|Any CPU.Build.0 = Release|Any CPU
		{4BA9F318-C559-413F-B62F-9E0D04AF5CE2}.Debug|Any CPU.ActiveCfg = Debug|Any CPU
		{4BA9F318-C559-413F-B62F-9E0D04AF5CE2}.Debug|Any CPU.Build.0 = Debug|Any CPU
		{4BA9F318-C559-413F-B62F-9E0D04AF5CE2}.Release|Any CPU.ActiveCfg = Release|Any CPU
		{4BA9F318-C559-413F-B62F-9E0D04AF5CE2}.Release|Any CPU.Build.0 = Release|Any CPU
		{BD176769-33EC-43FD-AFB6-1BFD8B56E5B0}.Debug|Any CPU.ActiveCfg = Debug|Any CPU
		{BD176769-33EC-43FD-AFB6-1BFD8B56E5B0}.Debug|Any CPU.Build.0 = Debug|Any CPU
		{BD176769-33EC-43FD-AFB6-1BFD8B56E5B0}.Release|Any CPU.ActiveCfg = Release|Any CPU
		{BD176769-33EC-43FD-AFB6-1BFD8B56E5B0}.Release|Any CPU.Build.0 = Release|Any CPU
	EndGlobalSection
	GlobalSection(SolutionProperties) = preSolution
		HideSolutionNode = FALSE
	EndGlobalSection
	GlobalSection(NestedProjects) = preSolution
		{A34E5A7A-AF8A-40AB-865D-5A0F909EFE36} = {2EA080B1-27FB-4DEB-B813-25788414BB11}
		{2A633E28-59CA-47D5-A267-7CAF9057470C} = {54163819-C3DA-4A3A-9ED0-9FFF64EC880A}
		{4BA9F318-C559-413F-B62F-9E0D04AF5CE2} = {CF86A64A-0A83-40A8-A87D-000EB6A95619}
		{BD176769-33EC-43FD-AFB6-1BFD8B56E5B0} = {8B9C4E5B-A729-4FCC-8CB7-82F204DD4136}
	EndGlobalSection
	GlobalSection(ExtensibilityGlobals) = postSolution
		SolutionGuid = {B0522386-946D-4F8D-92F8-3FC7CF151352}
	EndGlobalSection
EndGlobal
